
Microsoft Visual Studio Solution File, Format Version 12.00
# Visual Studio Version 16
VisualStudioVersion = 16.0.30204.135
MinimumVisualStudioVersion = 10.0.40219.1
Project("{FAE04EC0-301F-11D3-BF4B-00C04F79EFBC}") = "HashLibrary", "HashLibrary\HashLibrary.csproj", "{C765A7D9-F06A-466F-9284-1E55723CA937}"
EndProject
Project("{FAE04EC0-301F-11D3-BF4B-00C04F79EFBC}") = "HashUI", "DosyaHashHesaplayici\HashUI.csproj", "{2A5E8C06-F11A-4BB8-B163-45DFC28BC832}"
EndProject
Global
	GlobalSection(SolutionConfigurationPlatforms) = preSolution
		Debug|Any CPU = Debug|Any CPU
		Release|Any CPU = Release|Any CPU
	EndGlobalSection
	GlobalSection(ProjectConfigurationPlatforms) = postSolution
		{C765A7D9-F06A-466F-9284-1E55723CA937}.Debug|Any CPU.ActiveCfg = Debug|Any CPU
		{C765A7D9-F06A-466F-9284-1E55723CA937}.Debug|Any CPU.Build.0 = Debug|Any CPU
		{C765A7D9-F06A-466F-9284-1E55723CA937}.Release|Any CPU.ActiveCfg = Release|Any CPU
		{C765A7D9-F06A-466F-9284-1E55723CA937}.Release|Any CPU.Build.0 = Release|Any CPU
		{2A5E8C06-F11A-4BB8-B163-45DFC28BC832}.Debug|Any CPU.ActiveCfg = Debug|Any CPU
		{2A5E8C06-F11A-4BB8-B163-45DFC28BC832}.Debug|Any CPU.Build.0 = Debug|Any CPU
		{2A5E8C06-F11A-4BB8-B163-45DFC28BC832}.Release|Any CPU.ActiveCfg = Release|Any CPU
		{2A5E8C06-F11A-4BB8-B163-45DFC28BC832}.Release|Any CPU.Build.0 = Release|Any CPU
	EndGlobalSection
	GlobalSection(SolutionProperties) = preSolution
		HideSolutionNode = FALSE
	EndGlobalSection
	GlobalSection(ExtensibilityGlobals) = postSolution
		SolutionGuid = {E23CDAAC-94FA-4CFF-8AE2-BE3961E537BC}
	EndGlobalSection
EndGlobal
